
Microsoft Visual Studio Solution File, Format Version 12.00
# Visual Studio 15
VisualStudioVersion = 15.0.27428.2015
MinimumVisualStudioVersion = 10.0.40219.1
Project("{2150E333-8FDC-42A3-9474-1A3956D46DE8}") = "Challenge-358-Intermediate-JS-", "Challenge-358-Intermediate-JS-", "{85619702-F2D8-4DD5-9CC5-74110E2B3BC6}"
	ProjectSection(SolutionItems) = preProject
		index.html = index.html
	EndProjectSection
EndProject
Project("{2150E333-8FDC-42A3-9474-1A3956D46DE8}") = "scripts", "scripts", "{32F086D5-B59F-46C8-8CD6-39D96CC527D7}"
	ProjectSection(SolutionItems) = preProject
		main.js = main.js
	EndProjectSection
EndProject
Project("{2150E333-8FDC-42A3-9474-1A3956D46DE8}") = "input", "input", "{7E71C555-7732-4628-9743-54E94414C4F3}"
	ProjectSection(SolutionItems) = preProject
		cheating.txt = cheating.txt
		formatingHelp.txt = formatingHelp.txt
		matlabgames.txt = matlabgames.txt
		matlabteams.txt = matlabteams.txt
	EndProjectSection
EndProject
Global
	GlobalSection(SolutionProperties) = preSolution
		HideSolutionNode = FALSE
	EndGlobalSection
	GlobalSection(NestedProjects) = preSolution
		{32F086D5-B59F-46C8-8CD6-39D96CC527D7} = {85619702-F2D8-4DD5-9CC5-74110E2B3BC6}
		{7E71C555-7732-4628-9743-54E94414C4F3} = {85619702-F2D8-4DD5-9CC5-74110E2B3BC6}
	EndGlobalSection
	GlobalSection(ExtensibilityGlobals) = postSolution
		SolutionGuid = {6003113F-0E10-46DB-A2A1-674A1B72A959}
	EndGlobalSection
EndGlobal
